
Microsoft Visual Studio Solution File, Format Version 12.00
# Visual Studio Version 17
VisualStudioVersion = 17.4.33122.133
MinimumVisualStudioVersion = 10.0.40219.1
Project("{FAE04EC0-301F-11D3-BF4B-00C04F79EFBC}") = "Execricio.NETFramework.CRUD.API", "Execricio.NETFramework.CRUD.API\Execricio.NETFramework.CRUD.API.csproj", "{0266562D-20CD-4283-9363-9004D225EA29}"
EndProject
Project("{FAE04EC0-301F-11D3-BF4B-00C04F79EFBC}") = "Execricio.NETFramework.CRUD.Database", "Execricio.NETFramework.CRUD.Database\Execricio.NETFramework.CRUD.Database.csproj", "{8036C47C-A452-4795-ABA2-E8D31FCA3EF7}"
EndProject
Project("{FAE04EC0-301F-11D3-BF4B-00C04F79EFBC}") = "Execricio.NETFramework.CRUD.Business", "Execricio.NETFramework.CRUD.Business\Execricio.NETFramework.CRUD.Business.csproj", "{8B80D4DB-C750-4266-A923-5E4DC0EC2393}"
EndProject
Project("{FAE04EC0-301F-11D3-BF4B-00C04F79EFBC}") = "Execricio.NETFramework.CRUD.Testes", "Execricio.NETFramework.CRUD.Testes\Execricio.NETFramework.CRUD.Testes.csproj", "{8C47024E-3861-478B-9DB0-E663255D2A49}"
EndProject
Global
	GlobalSection(SolutionConfigurationPlatforms) = preSolution
		Debug|Any CPU = Debug|Any CPU
		Release|Any CPU = Release|Any CPU
	EndGlobalSection
	GlobalSection(ProjectConfigurationPlatforms) = postSolution
		{0266562D-20CD-4283-9363-9004D225EA29}.Debug|Any CPU.ActiveCfg = Debug|Any CPU
		{0266562D-20CD-4283-9363-9004D225EA29}.Debug|Any CPU.Build.0 = Debug|Any CPU
		{0266562D-20CD-4283-9363-9004D225EA29}.Release|Any CPU.ActiveCfg = Release|Any CPU
		{0266562D-20CD-4283-9363-9004D225EA29}.Release|Any CPU.Build.0 = Release|Any CPU
		{8036C47C-A452-4795-ABA2-E8D31FCA3EF7}.Debug|Any CPU.ActiveCfg = Debug|Any CPU
		{8036C47C-A452-4795-ABA2-E8D31FCA3EF7}.Debug|Any CPU.Build.0 = Debug|Any CPU
		{8036C47C-A452-4795-ABA2-E8D31FCA3EF7}.Release|Any CPU.ActiveCfg = Release|Any CPU
		{8036C47C-A452-4795-ABA2-E8D31FCA3EF7}.Release|Any CPU.Build.0 = Release|Any CPU
		{8B80D4DB-C750-4266-A923-5E4DC0EC2393}.Debug|Any CPU.ActiveCfg = Debug|Any CPU
		{8B80D4DB-C750-4266-A923-5E4DC0EC2393}.Debug|Any CPU.Build.0 = Debug|Any CPU
		{8B80D4DB-C750-4266-A923-5E4DC0EC2393}.Release|Any CPU.ActiveCfg = Release|Any CPU
		{8B80D4DB-C750-4266-A923-5E4DC0EC2393}.Release|Any CPU.Build.0 = Release|Any CPU
		{8C47024E-3861-478B-9DB0-E663255D2A49}.Debug|Any CPU.ActiveCfg = Debug|Any CPU
		{8C47024E-3861-478B-9DB0-E663255D2A49}.Debug|Any CPU.Build.0 = Debug|Any CPU
		{8C47024E-3861-478B-9DB0-E663255D2A49}.Release|Any CPU.ActiveCfg = Release|Any CPU
		{8C47024E-3861-478B-9DB0-E663255D2A49}.Release|Any CPU.Build.0 = Release|Any CPU
	EndGlobalSection
	GlobalSection(SolutionProperties) = preSolution
		HideSolutionNode = FALSE
	EndGlobalSection
	GlobalSection(ExtensibilityGlobals) = postSolution
		SolutionGuid = {9EE65F4E-A846-4127-9CA9-4E22B49E25B1}
	EndGlobalSection
EndGlobal
